
Microsoft Visual Studio Solution File, Format Version 12.00
# Visual Studio Version 16
VisualStudioVersion = 16.0.29306.81
MinimumVisualStudioVersion = 10.0.40219.1
Project("{FAE04EC0-301F-11D3-BF4B-00C04F79EFBC}") = "Game", "Week8\Game.csproj", "{870AFDE9-E3DD-4E3E-A25E-06C9649E2277}"
EndProject
Global
	GlobalSection(SolutionConfigurationPlatforms) = preSolution
		Debug|Any CPU = Debug|Any CPU
		Release|Any CPU = Release|Any CPU
	EndGlobalSection
	GlobalSection(ProjectConfigurationPlatforms) = postSolution
		{870AFDE9-E3DD-4E3E-A25E-06C9649E2277}.Debug|Any CPU.ActiveCfg = Debug|Any CPU
		{870AFDE9-E3DD-4E3E-A25E-06C9649E2277}.Debug|Any CPU.Build.0 = Debug|Any CPU
		{870AFDE9-E3DD-4E3E-A25E-06C9649E2277}.Release|Any CPU.ActiveCfg = Release|Any CPU
		{870AFDE9-E3DD-4E3E-A25E-06C9649E2277}.Release|Any CPU.Build.0 = Release|Any CPU
	EndGlobalSection
	GlobalSection(SolutionProperties) = preSolution
		HideSolutionNode = FALSE
	EndGlobalSection
	GlobalSection(ExtensibilityGlobals) = postSolution
		SolutionGuid = {CEF58F57-33B3-4A66-8C62-2F63A6DDC1C7}
	EndGlobalSection
EndGlobal
